
Microsoft Visual Studio Solution File, Format Version 12.00
# Visual Studio 15
VisualStudioVersion = 15.0.28010.2046
MinimumVisualStudioVersion = 10.0.40219.1
Project("{FAE04EC0-301F-11D3-BF4B-00C04F79EFBC}") = "PushNotificationBackground.Android", "PushNotificationBackground\PushNotificationBackground.Android\PushNotificationBackground.Android.csproj", "{24CE3C36-16B9-426D-AA0C-5961ECF8D88C}"
EndProject
Project("{FAE04EC0-301F-11D3-BF4B-00C04F79EFBC}") = "PushNotificationBackground.iOS", "PushNotificationBackground\PushNotificationBackground.iOS\PushNotificationBackground.iOS.csproj", "{AC3E26F8-660F-4777-BDAB-9DB51F2E509B}"
EndProject
Project("{FAE04EC0-301F-11D3-BF4B-00C04F79EFBC}") = "PushNotificationBackground", "PushNotificationBackground\PushNotificationBackground\PushNotificationBackground.csproj", "{9B6DB87D-D153-4449-A387-E323CE1374C8}"
EndProject
Global
	GlobalSection(SolutionConfigurationPlatforms) = preSolution
		Debug|Any CPU = Debug|Any CPU
		Debug|iPhone = Debug|iPhone
		Debug|iPhoneSimulator = Debug|iPhoneSimulator
		Release|Any CPU = Release|Any CPU
		Release|iPhone = Release|iPhone
		Release|iPhoneSimulator = Release|iPhoneSimulator
	EndGlobalSection
	GlobalSection(ProjectConfigurationPlatforms) = postSolution
		{24CE3C36-16B9-426D-AA0C-5961ECF8D88C}.Debug|Any CPU.ActiveCfg = Debug|Any CPU
		{24CE3C36-16B9-426D-AA0C-5961ECF8D88C}.Debug|Any CPU.Build.0 = Debug|Any CPU
		{24CE3C36-16B9-426D-AA0C-5961ECF8D88C}.Debug|Any CPU.Deploy.0 = Debug|Any CPU
		{24CE3C36-16B9-426D-AA0C-5961ECF8D88C}.Debug|iPhone.ActiveCfg = Debug|Any CPU
		{24CE3C36-16B9-426D-AA0C-5961ECF8D88C}.Debug|iPhone.Build.0 = Debug|Any CPU
		{24CE3C36-16B9-426D-AA0C-5961ECF8D88C}.Debug|iPhone.Deploy.0 = Debug|Any CPU
		{24CE3C36-16B9-426D-AA0C-5961ECF8D88C}.Debug|iPhoneSimulator.ActiveCfg = Debug|Any CPU
		{24CE3C36-16B9-426D-AA0C-5961ECF8D88C}.Debug|iPhoneSimulator.Build.0 = Debug|Any CPU
		{24CE3C36-16B9-426D-AA0C-5961ECF8D88C}.Debug|iPhoneSimulator.Deploy.0 = Debug|Any CPU
		{24CE3C36-16B9-426D-AA0C-5961ECF8D88C}.Release|Any CPU.ActiveCfg = Release|Any CPU
		{24CE3C36-16B9-426D-AA0C-5961ECF8D88C}.Release|Any CPU.Build.0 = Release|Any CPU
		{24CE3C36-16B9-426D-AA0C-5961ECF8D88C}.Release|Any CPU.Deploy.0 = Release|Any CPU
		{24CE3C36-16B9-426D-AA0C-5961ECF8D88C}.Release|iPhone.ActiveCfg = Release|Any CPU
		{24CE3C36-16B9-426D-AA0C-5961ECF8D88C}.Release|iPhone.Build.0 = Release|Any CPU
		{24CE3C36-16B9-426D-AA0C-5961ECF8D88C}.Release|iPhone.Deploy.0 = Release|Any CPU
		{24CE3C36-16B9-426D-AA0C-5961ECF8D88C}.Release|iPhoneSimulator.ActiveCfg = Release|Any CPU
		{24CE3C36-16B9-426D-AA0C-5961ECF8D88C}.Release|iPhoneSimulator.Build.0 = Release|Any CPU
		{24CE3C36-16B9-426D-AA0C-5961ECF8D88C}.Release|iPhoneSimulator.Deploy.0 = Release|Any CPU
		{AC3E26F8-660F-4777-BDAB-9DB51F2E509B}.Debug|Any CPU.ActiveCfg = Debug|iPhoneSimulator
		{AC3E26F8-660F-4777-BDAB-9DB51F2E509B}.Debug|Any CPU.Build.0 = Debug|iPhoneSimulator
		{AC3E26F8-660F-4777-BDAB-9DB51F2E509B}.Debug|Any CPU.Deploy.0 = Debug|iPhoneSimulator
		{AC3E26F8-660F-4777-BDAB-9DB51F2E509B}.Debug|iPhone.ActiveCfg = Debug|iPhone
		{AC3E26F8-660F-4777-BDAB-9DB51F2E509B}.Debug|iPhone.Build.0 = Debug|iPhone
		{AC3E26F8-660F-4777-BDAB-9DB51F2E509B}.Debug|iPhone.Deploy.0 = Debug|iPhone
		{AC3E26F8-660F-4777-BDAB-9DB51F2E509B}.Debug|iPhoneSimulator.ActiveCfg = Debug|iPhoneSimulator
		{AC3E26F8-660F-4777-BDAB-9DB51F2E509B}.Debug|iPhoneSimulator.Build.0 = Debug|iPhoneSimulator
		{AC3E26F8-660F-4777-BDAB-9DB51F2E509B}.Debug|iPhoneSimulator.Deploy.0 = Debug|iPhoneSimulator
		{AC3E26F8-660F-4777-BDAB-9DB51F2E509B}.Release|Any CPU.ActiveCfg = Release|iPhone
		{AC3E26F8-660F-4777-BDAB-9DB51F2E509B}.Release|Any CPU.Build.0 = Release|iPhone
		{AC3E26F8-660F-4777-BDAB-9DB51F2E509B}.Release|Any CPU.Deploy.0 = Release|iPhone
		{AC3E26F8-660F-4777-BDAB-9DB51F2E509B}.Release|iPhone.ActiveCfg = Release|iPhone
		{AC3E26F8-660F-4777-BDAB-9DB51F2E509B}.Release|iPhone.Build.0 = Release|iPhone
		{AC3E26F8-660F-4777-BDAB-9DB51F2E509B}.Release|iPhone.Deploy.0 = Release|iPhone
		{AC3E26F8-660F-4777-BDAB-9DB51F2E509B}.Release|iPhoneSimulator.ActiveCfg = Release|iPhoneSimulator
		{AC3E26F8-660F-4777-BDAB-9DB51F2E509B}.Release|iPhoneSimulator.Build.0 = Release|iPhoneSimulator
		{AC3E26F8-660F-4777-BDAB-9DB51F2E509B}.Release|iPhoneSimulator.Deploy.0 = Release|iPhoneSimulator
		{9B6DB87D-D153-4449-A387-E323CE1374C8}.Debug|Any CPU.ActiveCfg = Debug|Any CPU
		{9B6DB87D-D153-4449-A387-E323CE1374C8}.Debug|Any CPU.Build.0 = Debug|Any CPU
		{9B6DB87D-D153-4449-A387-E323CE1374C8}.Debug|Any CPU.Deploy.0 = Debug|Any CPU
		{9B6DB87D-D153-4449-A387-E323CE1374C8}.Debug|iPhone.ActiveCfg = Debug|Any CPU
		{9B6DB87D-D153-4449-A387-E323CE1374C8}.Debug|iPhone.Build.0 = Debug|Any CPU
		{9B6DB87D-D153-4449-A387-E323CE1374C8}.Debug|iPhone.Deploy.0 = Debug|Any CPU
		{9B6DB87D-D153-4449-A387-E323CE1374C8}.Debug|iPhoneSimulator.ActiveCfg = Debug|Any CPU
		{9B6DB87D-D153-4449-A387-E323CE1374C8}.Debug|iPhoneSimulator.Build.0 = Debug|Any CPU
		{9B6DB87D-D153-4449-A387-E323CE1374C8}.Debug|iPhoneSimulator.Deploy.0 = Debug|Any CPU
		{9B6DB87D-D153-4449-A387-E323CE1374C8}.Release|Any CPU.ActiveCfg = Release|Any CPU
		{9B6DB87D-D153-4449-A387-E323CE1374C8}.Release|Any CPU.Build.0 = Release|Any CPU
		{9B6DB87D-D153-4449-A387-E323CE1374C8}.Release|Any CPU.Deploy.0 = Release|Any CPU
		{9B6DB87D-D153-4449-A387-E323CE1374C8}.Release|iPhone.ActiveCfg = Release|Any CPU
		{9B6DB87D-D153-4449-A387-E323CE1374C8}.Release|iPhone.Build.0 = Release|Any CPU
		{9B6DB87D-D153-4449-A387-E323CE1374C8}.Release|iPhone.Deploy.0 = Release|Any CPU
		{9B6DB87D-D153-4449-A387-E323CE1374C8}.Release|iPhoneSimulator.ActiveCfg = Release|Any CPU
		{9B6DB87D-D153-4449-A387-E323CE1374C8}.Release|iPhoneSimulator.Build.0 = Release|Any CPU
		{9B6DB87D-D153-4449-A387-E323CE1374C8}.Release|iPhoneSimulator.Deploy.0 = Release|Any CPU
	EndGlobalSection
	GlobalSection(SolutionProperties) = preSolution
		HideSolutionNode = FALSE
	EndGlobalSection
	GlobalSection(ExtensibilityGlobals) = postSolution
		SolutionGuid = {1F2B3318-9656-45A0-B0A7-A9582FA22836}
	EndGlobalSection
EndGlobal
